PODS:
  - Alamofire (5.6.4)
  - BaiduMapKit/Base (6.5.3)
  - BaiduMapKit/Map (6.5.3):
    - BaiduMapKit/Base
  - BaiduMapKit/Search (6.5.3):
    - BaiduMapKit/Base
  - BaiduMapKit/Utils (6.5.3):
    - BaiduMapKit/Base
  - BMKLocationKit (2.0.5)
  - device_info (0.0.1):
    - Flutter
  - device_info_plus (0.0.1):
    - Flutter
  - emoji_picker_flutter (0.0.1):
    - Flutter
  - Flutter (1.0.0)
  - flutter_baidu_mapapi_base (3.3.0):
    - BaiduMapKit/Utils (= 6.5.3)
    - Flutter
  - flutter_baidu_mapapi_map (3.3.0):
    - BaiduMapKit/Map (= 6.5.3)
    - Flutter
    - flutter_baidu_mapapi_base
  - flutter_baidu_mapapi_search (3.3.0):
    - BaiduMapKit/Search (= 6.5.3)
    - Flutter
    - flutter_baidu_mapapi_base
  - flutter_bmflocation (2.0.1):
    - BMKLocationKit (~> 2.0.4)
    - Flutter
  - flutter_native_splash (0.0.1):
    - Flutter
  - FMDB (2.7.5):
    - FMDB/standard (= 2.7.5)
  - FMDB/standard (2.7.5)
  - image_picker_ios (0.0.1):
    - Flutter
  - images_picker (0.0.1):
    - Flutter
    - ZLPhotoBrowser (= 4.2.5)
  - LeanCloud/Foundation (17.10.1):
    - Alamofire (~> 5.4)
  - LeanCloud/RTM-no-local-storage (17.10.1):
    - LeanCloud/Foundation (= 17.10.1)
    - SwiftProtobuf (~> 1.18)
  - leancloud_official_plugin (0.0.1):
    - Flutter
    - LeanCloud/RTM-no-local-storage (~> 17.10)
  - MTBBarcodeScanner (5.0.11)
  - notification_permissions (0.4.4):
    - Flutter
  - package_info (0.0.1):
    - Flutter
  - path_provider_ios (0.0.1):
    - Flutter
  - permission_handler_apple (9.0.4):
    - Flutter
  - qr_code_scanner (0.2.0):
    - Flutter
    - MTBBarcodeScanner
  - share (0.0.1):
    - Flutter
  - shared_preferences_ios (0.0.1):
    - Flutter
  - sqflite (0.0.2):
    - Flutter
    - FMDB (>= 2.7.5)
  - SwiftProtobuf (1.20.3)
  - url_launcher_ios (0.0.1):
    - Flutter
  - video_player_avfoundation (0.0.1):
    - Flutter
  - ZLPhotoBrowser (4.2.5):
    - ZLPhotoBrowser/Core (= 4.2.5)
  - ZLPhotoBrowser/Core (4.2.5)

DEPENDENCIES:
  - device_info (from `.symlinks/plugins/device_info/ios`)
  - device_info_plus (from `.symlinks/plugins/device_info_plus/ios`)
  - emoji_picker_flutter (from `.symlinks/plugins/emoji_picker_flutter/ios`)
  - Flutter (from `Flutter`)
  - flutter_baidu_mapapi_base (from `.symlinks/plugins/flutter_baidu_mapapi_base/ios`)
  - flutter_baidu_mapapi_map (from `.symlinks/plugins/flutter_baidu_mapapi_map/ios`)
  - flutter_baidu_mapapi_search (from `.symlinks/plugins/flutter_baidu_mapapi_search/ios`)
  - flutter_bmflocation (from `.symlinks/plugins/flutter_bmflocation/ios`)
  - flutter_native_splash (from `.symlinks/plugins/flutter_native_splash/ios`)
  - image_picker_ios (from `.symlinks/plugins/image_picker_ios/ios`)
  - images_picker (from `.symlinks/plugins/images_picker/ios`)
  - leancloud_official_plugin (from `.symlinks/plugins/leancloud_official_plugin/ios`)
  - notification_permissions (from `.symlinks/plugins/notification_permissions/ios`)
  - package_info (from `.symlinks/plugins/package_info/ios`)
  - path_provider_ios (from `.symlinks/plugins/path_provider_ios/ios`)
  - permission_handler_apple (from `.symlinks/plugins/permission_handler_apple/ios`)
  - qr_code_scanner (from `.symlinks/plugins/qr_code_scanner/ios`)
  - share (from `.symlinks/plugins/share/ios`)
  - shared_preferences_ios (from `.symlinks/plugins/shared_preferences_ios/ios`)
  - sqflite (from `.symlinks/plugins/sqflite/ios`)
  - url_launcher_ios (from `.symlinks/plugins/url_launcher_ios/ios`)
  - video_player_avfoundation (from `.symlinks/plugins/video_player_avfoundation/ios`)

SPEC REPOS:
  trunk:
    - Alamofire
    - BaiduMapKit
    - BMKLocationKit
    - FMDB
    - LeanCloud
    - MTBBarcodeScanner
    - SwiftProtobuf
    - ZLPhotoBrowser

EXTERNAL SOURCES:
  device_info:
    :path: ".symlinks/plugins/device_info/ios"
  device_info_plus:
    :path: ".symlinks/plugins/device_info_plus/ios"
  emoji_picker_flutter:
    :path: ".symlinks/plugins/emoji_picker_flutter/ios"
  Flutter:
    :path: Flutter
  flutter_baidu_mapapi_base:
    :path: ".symlinks/plugins/flutter_baidu_mapapi_base/ios"
  flutter_baidu_mapapi_map:
    :path: ".symlinks/plugins/flutter_baidu_mapapi_map/ios"
  flutter_baidu_mapapi_search:
    :path: ".symlinks/plugins/flutter_baidu_mapapi_search/ios"
  flutter_bmflocation:
    :path: ".symlinks/plugins/flutter_bmflocation/ios"
  flutter_native_splash:
    :path: ".symlinks/plugins/flutter_native_splash/ios"
  image_picker_ios:
    :path: ".symlinks/plugins/image_picker_ios/ios"
  images_picker:
    :path: ".symlinks/plugins/images_picker/ios"
  leancloud_official_plugin:
    :path: ".symlinks/plugins/leancloud_official_plugin/ios"
  notification_permissions:
    :path: ".symlinks/plugins/notification_permissions/ios"
  package_info:
    :path: ".symlinks/plugins/package_info/ios"
  path_provider_ios:
    :path: ".symlinks/plugins/path_provider_ios/ios"
  permission_handler_apple:
    :path: ".symlinks/plugins/permission_handler_apple/ios"
  qr_code_scanner:
    :path: ".symlinks/plugins/qr_code_scanner/ios"
  share:
    :path: ".symlinks/plugins/share/ios"
  shared_preferences_ios:
    :path: ".symlinks/plugins/shared_preferences_ios/ios"
  sqflite:
    :path: ".symlinks/plugins/sqflite/ios"
  url_launcher_ios:
    :path: ".symlinks/plugins/url_launcher_ios/ios"
  video_player_avfoundation:
    :path: ".symlinks/plugins/video_player_avfoundation/ios"

SPEC CHECKSUMS:
  Alamofire: 4e95d97098eacb88856099c4fc79b526a299e48c
  BaiduMapKit: 54623026cd183511b1525a448094211d4fd5d646
  BMKLocationKit: c0a4266f84ad2a3296df8c24f14f0ed20dbbf0ee
  device_info: d7d233b645a32c40dfdc212de5cf646ca482f175
  device_info_plus: e5c5da33f982a436e103237c0c85f9031142abed
  emoji_picker_flutter: df19dac03a2b39ac667dc8d1da939ef3a9e21347
  Flutter: f04841e97a9d0b0a8025694d0796dd46242b2854
  flutter_baidu_mapapi_base: 58a3649c5f54636944e771745628238ca14bc728
  flutter_baidu_mapapi_map: 8ec980c0224ec6977d1bfeeb0cf9b8d7f38381c3
  flutter_baidu_mapapi_search: 92e0fb884929f3efe837616f301483e2d44ca59e
  flutter_bmflocation: 1bd73181196567fe1529f765aa4f8e2615a8a3cf
  flutter_native_splash: 52501b97d1c0a5f898d687f1646226c1f93c56ef
  FMDB: 2ce00b547f966261cd18927a3ddb07cb6f3db82a
  image_picker_ios: b786a5dcf033a8336a657191401bfdf12017dabb
  images_picker: fa9364e3a7d3083c49f865fcfb2b9e7cdc574d3a
  LeanCloud: e6de4b8129ab68be7f70a9b77c4304f71c5a1a2c
  leancloud_official_plugin: 6f30dc57a7f181193f511355c17519a61dce033d
  MTBBarcodeScanner: f453b33c4b7dfe545d8c6484ed744d55671788cb
  notification_permissions: 825ea1bf2a52ab585c53fd7b5e8e96876d735d4b
  package_info: 873975fc26034f0b863a300ad47e7f1ac6c7ec62
  path_provider_ios: 14f3d2fd28c4fdb42f44e0f751d12861c43cee02
  permission_handler_apple: 44366e37eaf29454a1e7b1b7d736c2cceaeb17ce
  qr_code_scanner: bb67d64904c3b9658ada8c402e8b4d406d5d796e
  share: 0b2c3e82132f5888bccca3351c504d0003b3b410
  shared_preferences_ios: 548a61f8053b9b8a49ac19c1ffbc8b92c50d68ad
  sqflite: 6d358c025f5b867b29ed92fc697fd34924e11904
  SwiftProtobuf: b02b5075dcf60c9f5f403000b3b0c202a11b6ae1
  url_launcher_ios: 839c58cdb4279282219f5e248c3321761ff3c4de
  video_player_avfoundation: e489aac24ef5cf7af82702979ed16f2a5ef84cff
  ZLPhotoBrowser: 4bfab86b851042e18d7f413284472aa68759626a

PODFILE CHECKSUM: ef19549a9bc3046e7bb7d2fab4d021637c0c58a3

COCOAPODS: 1.11.3
